
Microsoft Visual Studio Solution File, Format Version 12.00
# Visual Studio Version 17
VisualStudioVersion = 17.13.35913.81 d17.13
MinimumVisualStudioVersion = 10.0.40219.1
Project("{FAE04EC0-301F-11D3-BF4B-00C04F79EFBC}") = "InventorySystem_FinalChallennge", "InventorySystem_FinalChallennge\InventorySystem_FinalChallennge.csproj", "{FC1E5CA7-06D4-4E97-8AB6-A7D826B5E55E}"
EndProject
Global
	GlobalSection(SolutionConfigurationPlatforms) = preSolution
		Debug|Any CPU = Debug|Any CPU
		Release|Any CPU = Release|Any CPU
	EndGlobalSection
	GlobalSection(ProjectConfigurationPlatforms) = postSolution
		{FC1E5CA7-06D4-4E97-8AB6-A7D826B5E55E}.Debug|Any CPU.ActiveCfg = Debug|Any CPU
		{FC1E5CA7-06D4-4E97-8AB6-A7D826B5E55E}.Debug|Any CPU.Build.0 = Debug|Any CPU
		{FC1E5CA7-06D4-4E97-8AB6-A7D826B5E55E}.Release|Any CPU.ActiveCfg = Release|Any CPU
		{FC1E5CA7-06D4-4E97-8AB6-A7D826B5E55E}.Release|Any CPU.Build.0 = Release|Any CPU
	EndGlobalSection
	GlobalSection(SolutionProperties) = preSolution
		HideSolutionNode = FALSE
	EndGlobalSection
	GlobalSection(ExtensibilityGlobals) = postSolution
		SolutionGuid = {741E76BB-E909-41D2-8924-A07B644DEA2F}
	EndGlobalSection
EndGlobal
