
Microsoft Visual Studio Solution File, Format Version 12.00
# Visual Studio Version 17
VisualStudioVersion = 17.5.2.0
MinimumVisualStudioVersion = 10.0.40219.1
Project("{FAE04EC0-301F-11D3-BF4B-00C04F79EFBC}") = "DependencyInjectionExercise", "DependencyInjectionExercise.csproj", "{D1F7CD2F-437D-8D06-668E-5CBEBC31CFDD}"
EndProject
Project("{FAE04EC0-301F-11D3-BF4B-00C04F79EFBC}") = "DependencyInjectionProject", "..\..\DependencyInjectionProject\DependencyInjectionProject\DependencyInjectionProject.csproj", "{82B2A54F-F4DF-4E64-99F8-A60BBE0663B7}"
EndProject
Global
	GlobalSection(SolutionConfigurationPlatforms) = preSolution
		Debug|Any CPU = Debug|Any CPU
		Debug|x64 = Debug|x64
		Debug|x86 = Debug|x86
		Release|Any CPU = Release|Any CPU
		Release|x64 = Release|x64
		Release|x86 = Release|x86
	EndGlobalSection
	GlobalSection(ProjectConfigurationPlatforms) = postSolution
		{D1F7CD2F-437D-8D06-668E-5CBEBC31CFDD}.Debug|Any CPU.ActiveCfg = Debug|Any CPU
		{D1F7CD2F-437D-8D06-668E-5CBEBC31CFDD}.Debug|Any CPU.Build.0 = Debug|Any CPU
		{D1F7CD2F-437D-8D06-668E-5CBEBC31CFDD}.Debug|x64.ActiveCfg = Debug|Any CPU
		{D1F7CD2F-437D-8D06-668E-5CBEBC31CFDD}.Debug|x64.Build.0 = Debug|Any CPU
		{D1F7CD2F-437D-8D06-668E-5CBEBC31CFDD}.Debug|x86.ActiveCfg = Debug|Any CPU
		{D1F7CD2F-437D-8D06-668E-5CBEBC31CFDD}.Debug|x86.Build.0 = Debug|Any CPU
		{D1F7CD2F-437D-8D06-668E-5CBEBC31CFDD}.Release|Any CPU.ActiveCfg = Release|Any CPU
		{D1F7CD2F-437D-8D06-668E-5CBEBC31CFDD}.Release|Any CPU.Build.0 = Release|Any CPU
		{D1F7CD2F-437D-8D06-668E-5CBEBC31CFDD}.Release|x64.ActiveCfg = Release|Any CPU
		{D1F7CD2F-437D-8D06-668E-5CBEBC31CFDD}.Release|x64.Build.0 = Release|Any CPU
		{D1F7CD2F-437D-8D06-668E-5CBEBC31CFDD}.Release|x86.ActiveCfg = Release|Any CPU
		{D1F7CD2F-437D-8D06-668E-5CBEBC31CFDD}.Release|x86.Build.0 = Release|Any CPU
		{82B2A54F-F4DF-4E64-99F8-A60BBE0663B7}.Debug|Any CPU.ActiveCfg = Debug|Any CPU
		{82B2A54F-F4DF-4E64-99F8-A60BBE0663B7}.Debug|Any CPU.Build.0 = Debug|Any CPU
		{82B2A54F-F4DF-4E64-99F8-A60BBE0663B7}.Debug|x64.ActiveCfg = Debug|Any CPU
		{82B2A54F-F4DF-4E64-99F8-A60BBE0663B7}.Debug|x64.Build.0 = Debug|Any CPU
		{82B2A54F-F4DF-4E64-99F8-A60BBE0663B7}.Debug|x86.ActiveCfg = Debug|Any CPU
		{82B2A54F-F4DF-4E64-99F8-A60BBE0663B7}.Debug|x86.Build.0 = Debug|Any CPU
		{82B2A54F-F4DF-4E64-99F8-A60BBE0663B7}.Release|Any CPU.ActiveCfg = Release|Any CPU
		{82B2A54F-F4DF-4E64-99F8-A60BBE0663B7}.Release|Any CPU.Build.0 = Release|Any CPU
		{82B2A54F-F4DF-4E64-99F8-A60BBE0663B7}.Release|x64.ActiveCfg = Release|Any CPU
		{82B2A54F-F4DF-4E64-99F8-A60BBE0663B7}.Release|x64.Build.0 = Release|Any CPU
		{82B2A54F-F4DF-4E64-99F8-A60BBE0663B7}.Release|x86.ActiveCfg = Release|Any CPU
		{82B2A54F-F4DF-4E64-99F8-A60BBE0663B7}.Release|x86.Build.0 = Release|Any CPU
	EndGlobalSection
	GlobalSection(SolutionProperties) = preSolution
		HideSolutionNode = FALSE
	EndGlobalSection
	GlobalSection(ExtensibilityGlobals) = postSolution
		SolutionGuid = {5B2D7239-A3A4-4F04-A3C0-A54B2F17EC5D}
	EndGlobalSection
EndGlobal
