Microsoft Visual Studio Solution File, Format Version 12.00
# Visual Studio Version 17
VisualStudioVersion = 17.5.2.0
MinimumVisualStudioVersion = 10.0.40219.1
Project("{FAE04EC0-301F-11D3-BF4B-00C04F79EFBC}") = "MiddlewareConfiguration", "MiddlewareConfiguration.csproj", "{3193B2C3-0A7E-0157-9F40-0F367FC2B037}"
EndProject
Global
	GlobalSection(SolutionConfigurationPlatforms) = preSolution
		Debug|Any CPU = Debug|Any CPU
		Release|Any CPU = Release|Any CPU
	EndGlobalSection
	GlobalSection(ProjectConfigurationPlatforms) = postSolution
		{3193B2C3-0A7E-0157-9F40-0F367FC2B037}.Debug|Any CPU.ActiveCfg = Debug|Any CPU
		{3193B2C3-0A7E-0157-9F40-0F367FC2B037}.Debug|Any CPU.Build.0 = Debug|Any CPU
		{3193B2C3-0A7E-0157-9F40-0F367FC2B037}.Release|Any CPU.ActiveCfg = Release|Any CPU
		{3193B2C3-0A7E-0157-9F40-0F367FC2B037}.Release|Any CPU.Build.0 = Release|Any CPU
	EndGlobalSection
	GlobalSection(SolutionProperties) = preSolution
		HideSolutionNode = FALSE
	EndGlobalSection
	GlobalSection(ExtensibilityGlobals) = postSolution
		SolutionGuid = {628762B2-69DC-4665-A053-D5F0A1563771}
	EndGlobalSection
EndGlobal
