
Microsoft Visual Studio Solution File, Format Version 12.00
# Visual Studio Version 17
VisualStudioVersion = 17.5.2.0
MinimumVisualStudioVersion = 10.0.40219.1
Project("{FAE04EC0-301F-11D3-BF4B-00C04F79EFBC}") = "LibrarySytem", "LibrarySytem.csproj", "{126CE2A3-77AC-447B-6D98-0261FADEE410}"
EndProject
Project("{FAE04EC0-301F-11D3-BF4B-00C04F79EFBC}") = "DebugExerciseLibrarySystm", "..\..\DebugExerciseLibrarySystm\DebugExerciseLibrarySystm\DebugExerciseLibrarySystm.csproj", "{882B16C5-69C4-4944-8EE9-CB5DD9242BD7}"
EndProject
Global
	GlobalSection(SolutionConfigurationPlatforms) = preSolution
		Debug|Any CPU = Debug|Any CPU
		Debug|x64 = Debug|x64
		Debug|x86 = Debug|x86
		Release|Any CPU = Release|Any CPU
		Release|x64 = Release|x64
		Release|x86 = Release|x86
	EndGlobalSection
	GlobalSection(ProjectConfigurationPlatforms) = postSolution
		{126CE2A3-77AC-447B-6D98-0261FADEE410}.Debug|Any CPU.ActiveCfg = Debug|Any CPU
		{126CE2A3-77AC-447B-6D98-0261FADEE410}.Debug|Any CPU.Build.0 = Debug|Any CPU
		{126CE2A3-77AC-447B-6D98-0261FADEE410}.Debug|x64.ActiveCfg = Debug|Any CPU
		{126CE2A3-77AC-447B-6D98-0261FADEE410}.Debug|x64.Build.0 = Debug|Any CPU
		{126CE2A3-77AC-447B-6D98-0261FADEE410}.Debug|x86.ActiveCfg = Debug|Any CPU
		{126CE2A3-77AC-447B-6D98-0261FADEE410}.Debug|x86.Build.0 = Debug|Any CPU
		{126CE2A3-77AC-447B-6D98-0261FADEE410}.Release|Any CPU.ActiveCfg = Release|Any CPU
		{126CE2A3-77AC-447B-6D98-0261FADEE410}.Release|Any CPU.Build.0 = Release|Any CPU
		{126CE2A3-77AC-447B-6D98-0261FADEE410}.Release|x64.ActiveCfg = Release|Any CPU
		{126CE2A3-77AC-447B-6D98-0261FADEE410}.Release|x64.Build.0 = Release|Any CPU
		{126CE2A3-77AC-447B-6D98-0261FADEE410}.Release|x86.ActiveCfg = Release|Any CPU
		{126CE2A3-77AC-447B-6D98-0261FADEE410}.Release|x86.Build.0 = Release|Any CPU
		{882B16C5-69C4-4944-8EE9-CB5DD9242BD7}.Debug|Any CPU.ActiveCfg = Debug|Any CPU
		{882B16C5-69C4-4944-8EE9-CB5DD9242BD7}.Debug|Any CPU.Build.0 = Debug|Any CPU
		{882B16C5-69C4-4944-8EE9-CB5DD9242BD7}.Debug|x64.ActiveCfg = Debug|Any CPU
		{882B16C5-69C4-4944-8EE9-CB5DD9242BD7}.Debug|x64.Build.0 = Debug|Any CPU
		{882B16C5-69C4-4944-8EE9-CB5DD9242BD7}.Debug|x86.ActiveCfg = Debug|Any CPU
		{882B16C5-69C4-4944-8EE9-CB5DD9242BD7}.Debug|x86.Build.0 = Debug|Any CPU
		{882B16C5-69C4-4944-8EE9-CB5DD9242BD7}.Release|Any CPU.ActiveCfg = Release|Any CPU
		{882B16C5-69C4-4944-8EE9-CB5DD9242BD7}.Release|Any CPU.Build.0 = Release|Any CPU
		{882B16C5-69C4-4944-8EE9-CB5DD9242BD7}.Release|x64.ActiveCfg = Release|Any CPU
		{882B16C5-69C4-4944-8EE9-CB5DD9242BD7}.Release|x64.Build.0 = Release|Any CPU
		{882B16C5-69C4-4944-8EE9-CB5DD9242BD7}.Release|x86.ActiveCfg = Release|Any CPU
		{882B16C5-69C4-4944-8EE9-CB5DD9242BD7}.Release|x86.Build.0 = Release|Any CPU
	EndGlobalSection
	GlobalSection(SolutionProperties) = preSolution
		HideSolutionNode = FALSE
	EndGlobalSection
	GlobalSection(ExtensibilityGlobals) = postSolution
		SolutionGuid = {F253B274-4431-4E35-B6D4-D701A82B8874}
	EndGlobalSection
EndGlobal
