
Microsoft Visual Studio Solution File, Format Version 12.00
# Visual Studio Version 17
VisualStudioVersion = 17.5.2.0
MinimumVisualStudioVersion = 10.0.40219.1
Project("{FAE04EC0-301F-11D3-BF4B-00C04F79EFBC}") = "CoreAPI", "CoreAPI.csproj", "{2F879207-54BA-4058-1A34-2EFA22D2D7B2}"
EndProject
Project("{FAE04EC0-301F-11D3-BF4B-00C04F79EFBC}") = "MiddlewareConfiguration", "..\..\MiddlewareConfiguration\MiddlewareConfiguration\MiddlewareConfiguration.csproj", "{7C31049C-D415-4296-8F28-9D75561236DB}"
EndProject
Global
	GlobalSection(SolutionConfigurationPlatforms) = preSolution
		Debug|Any CPU = Debug|Any CPU
		Debug|x64 = Debug|x64
		Debug|x86 = Debug|x86
		Release|Any CPU = Release|Any CPU
		Release|x64 = Release|x64
		Release|x86 = Release|x86
	EndGlobalSection
	GlobalSection(ProjectConfigurationPlatforms) = postSolution
		{2F879207-54BA-4058-1A34-2EFA22D2D7B2}.Debug|Any CPU.ActiveCfg = Debug|Any CPU
		{2F879207-54BA-4058-1A34-2EFA22D2D7B2}.Debug|Any CPU.Build.0 = Debug|Any CPU
		{2F879207-54BA-4058-1A34-2EFA22D2D7B2}.Debug|x64.ActiveCfg = Debug|Any CPU
		{2F879207-54BA-4058-1A34-2EFA22D2D7B2}.Debug|x64.Build.0 = Debug|Any CPU
		{2F879207-54BA-4058-1A34-2EFA22D2D7B2}.Debug|x86.ActiveCfg = Debug|Any CPU
		{2F879207-54BA-4058-1A34-2EFA22D2D7B2}.Debug|x86.Build.0 = Debug|Any CPU
		{2F879207-54BA-4058-1A34-2EFA22D2D7B2}.Release|Any CPU.ActiveCfg = Release|Any CPU
		{2F879207-54BA-4058-1A34-2EFA22D2D7B2}.Release|Any CPU.Build.0 = Release|Any CPU
		{2F879207-54BA-4058-1A34-2EFA22D2D7B2}.Release|x64.ActiveCfg = Release|Any CPU
		{2F879207-54BA-4058-1A34-2EFA22D2D7B2}.Release|x64.Build.0 = Release|Any CPU
		{2F879207-54BA-4058-1A34-2EFA22D2D7B2}.Release|x86.ActiveCfg = Release|Any CPU
		{2F879207-54BA-4058-1A34-2EFA22D2D7B2}.Release|x86.Build.0 = Release|Any CPU
		{7C31049C-D415-4296-8F28-9D75561236DB}.Debug|Any CPU.ActiveCfg = Debug|Any CPU
		{7C31049C-D415-4296-8F28-9D75561236DB}.Debug|Any CPU.Build.0 = Debug|Any CPU
		{7C31049C-D415-4296-8F28-9D75561236DB}.Debug|x64.ActiveCfg = Debug|Any CPU
		{7C31049C-D415-4296-8F28-9D75561236DB}.Debug|x64.Build.0 = Debug|Any CPU
		{7C31049C-D415-4296-8F28-9D75561236DB}.Debug|x86.ActiveCfg = Debug|Any CPU
		{7C31049C-D415-4296-8F28-9D75561236DB}.Debug|x86.Build.0 = Debug|Any CPU
		{7C31049C-D415-4296-8F28-9D75561236DB}.Release|Any CPU.ActiveCfg = Release|Any CPU
		{7C31049C-D415-4296-8F28-9D75561236DB}.Release|Any CPU.Build.0 = Release|Any CPU
		{7C31049C-D415-4296-8F28-9D75561236DB}.Release|x64.ActiveCfg = Release|Any CPU
		{7C31049C-D415-4296-8F28-9D75561236DB}.Release|x64.Build.0 = Release|Any CPU
		{7C31049C-D415-4296-8F28-9D75561236DB}.Release|x86.ActiveCfg = Release|Any CPU
		{7C31049C-D415-4296-8F28-9D75561236DB}.Release|x86.Build.0 = Release|Any CPU
	EndGlobalSection
	GlobalSection(SolutionProperties) = preSolution
		HideSolutionNode = FALSE
	EndGlobalSection
	GlobalSection(ExtensibilityGlobals) = postSolution
		SolutionGuid = {7BACCB41-BBD4-4C73-8861-9007C3174541}
	EndGlobalSection
EndGlobal
