
Microsoft Visual Studio Solution File, Format Version 12.00
# Visual Studio Version 17
VisualStudioVersion = 17.5.2.0
MinimumVisualStudioVersion = 10.0.40219.1
Project("{FAE04EC0-301F-11D3-BF4B-00C04F79EFBC}") = "DesignPatternExamples", "DesignPatternExamples.csproj", "{5E57883F-5E1D-ADFE-FB2F-5940E79FD9A9}"
EndProject
Project("{FAE04EC0-301F-11D3-BF4B-00C04F79EFBC}") = "ImplementingObjectsAndClasses", "..\..\ImplementingObjectsAndClasses\ImplementingObjectsAndClasses\ImplementingObjectsAndClasses.csproj", "{F1DC9461-35E6-48B7-ABF2-2D15B31A13E6}"
EndProject
Global
	GlobalSection(SolutionConfigurationPlatforms) = preSolution
		Debug|Any CPU = Debug|Any CPU
		Debug|x64 = Debug|x64
		Debug|x86 = Debug|x86
		Release|Any CPU = Release|Any CPU
		Release|x64 = Release|x64
		Release|x86 = Release|x86
	EndGlobalSection
	GlobalSection(ProjectConfigurationPlatforms) = postSolution
		{5E57883F-5E1D-ADFE-FB2F-5940E79FD9A9}.Debug|Any CPU.ActiveCfg = Debug|Any CPU
		{5E57883F-5E1D-ADFE-FB2F-5940E79FD9A9}.Debug|Any CPU.Build.0 = Debug|Any CPU
		{5E57883F-5E1D-ADFE-FB2F-5940E79FD9A9}.Debug|x64.ActiveCfg = Debug|Any CPU
		{5E57883F-5E1D-ADFE-FB2F-5940E79FD9A9}.Debug|x64.Build.0 = Debug|Any CPU
		{5E57883F-5E1D-ADFE-FB2F-5940E79FD9A9}.Debug|x86.ActiveCfg = Debug|Any CPU
		{5E57883F-5E1D-ADFE-FB2F-5940E79FD9A9}.Debug|x86.Build.0 = Debug|Any CPU
		{5E57883F-5E1D-ADFE-FB2F-5940E79FD9A9}.Release|Any CPU.ActiveCfg = Release|Any CPU
		{5E57883F-5E1D-ADFE-FB2F-5940E79FD9A9}.Release|Any CPU.Build.0 = Release|Any CPU
		{5E57883F-5E1D-ADFE-FB2F-5940E79FD9A9}.Release|x64.ActiveCfg = Release|Any CPU
		{5E57883F-5E1D-ADFE-FB2F-5940E79FD9A9}.Release|x64.Build.0 = Release|Any CPU
		{5E57883F-5E1D-ADFE-FB2F-5940E79FD9A9}.Release|x86.ActiveCfg = Release|Any CPU
		{5E57883F-5E1D-ADFE-FB2F-5940E79FD9A9}.Release|x86.Build.0 = Release|Any CPU
		{F1DC9461-35E6-48B7-ABF2-2D15B31A13E6}.Debug|Any CPU.ActiveCfg = Debug|Any CPU
		{F1DC9461-35E6-48B7-ABF2-2D15B31A13E6}.Debug|Any CPU.Build.0 = Debug|Any CPU
		{F1DC9461-35E6-48B7-ABF2-2D15B31A13E6}.Debug|x64.ActiveCfg = Debug|Any CPU
		{F1DC9461-35E6-48B7-ABF2-2D15B31A13E6}.Debug|x64.Build.0 = Debug|Any CPU
		{F1DC9461-35E6-48B7-ABF2-2D15B31A13E6}.Debug|x86.ActiveCfg = Debug|Any CPU
		{F1DC9461-35E6-48B7-ABF2-2D15B31A13E6}.Debug|x86.Build.0 = Debug|Any CPU
		{F1DC9461-35E6-48B7-ABF2-2D15B31A13E6}.Release|Any CPU.ActiveCfg = Release|Any CPU
		{F1DC9461-35E6-48B7-ABF2-2D15B31A13E6}.Release|Any CPU.Build.0 = Release|Any CPU
		{F1DC9461-35E6-48B7-ABF2-2D15B31A13E6}.Release|x64.ActiveCfg = Release|Any CPU
		{F1DC9461-35E6-48B7-ABF2-2D15B31A13E6}.Release|x64.Build.0 = Release|Any CPU
		{F1DC9461-35E6-48B7-ABF2-2D15B31A13E6}.Release|x86.ActiveCfg = Release|Any CPU
		{F1DC9461-35E6-48B7-ABF2-2D15B31A13E6}.Release|x86.Build.0 = Release|Any CPU
	EndGlobalSection
	GlobalSection(SolutionProperties) = preSolution
		HideSolutionNode = FALSE
	EndGlobalSection
	GlobalSection(ExtensibilityGlobals) = postSolution
		SolutionGuid = {2A7E9C24-E3A6-4E1A-B30D-22A65E980386}
	EndGlobalSection
EndGlobal
