
Microsoft Visual Studio Solution File, Format Version 12.00
# Visual Studio Version 17
VisualStudioVersion = 17.5.2.0
MinimumVisualStudioVersion = 10.0.40219.1
Project("{FAE04EC0-301F-11D3-BF4B-00C04F79EFBC}") = "SecuringDeserialSerialization", "SecuringDeserialSerialization.csproj", "{987C3FC2-011C-2B23-0E54-93E4DB10E511}"
EndProject
Project("{FAE04EC0-301F-11D3-BF4B-00C04F79EFBC}") = "ImplementingMiddlewareComponents", "..\..\ImplementingMiddlewareComponents\ImplementingMiddlewareComponents\ImplementingMiddlewareComponents.csproj", "{67DDA393-DAB1-4D2B-A2D1-F57381370C75}"
EndProject
Global
	GlobalSection(SolutionConfigurationPlatforms) = preSolution
		Debug|Any CPU = Debug|Any CPU
		Debug|x64 = Debug|x64
		Debug|x86 = Debug|x86
		Release|Any CPU = Release|Any CPU
		Release|x64 = Release|x64
		Release|x86 = Release|x86
	EndGlobalSection
	GlobalSection(ProjectConfigurationPlatforms) = postSolution
		{987C3FC2-011C-2B23-0E54-93E4DB10E511}.Debug|Any CPU.ActiveCfg = Debug|Any CPU
		{987C3FC2-011C-2B23-0E54-93E4DB10E511}.Debug|Any CPU.Build.0 = Debug|Any CPU
		{987C3FC2-011C-2B23-0E54-93E4DB10E511}.Debug|x64.ActiveCfg = Debug|Any CPU
		{987C3FC2-011C-2B23-0E54-93E4DB10E511}.Debug|x64.Build.0 = Debug|Any CPU
		{987C3FC2-011C-2B23-0E54-93E4DB10E511}.Debug|x86.ActiveCfg = Debug|Any CPU
		{987C3FC2-011C-2B23-0E54-93E4DB10E511}.Debug|x86.Build.0 = Debug|Any CPU
		{987C3FC2-011C-2B23-0E54-93E4DB10E511}.Release|Any CPU.ActiveCfg = Release|Any CPU
		{987C3FC2-011C-2B23-0E54-93E4DB10E511}.Release|Any CPU.Build.0 = Release|Any CPU
		{987C3FC2-011C-2B23-0E54-93E4DB10E511}.Release|x64.ActiveCfg = Release|Any CPU
		{987C3FC2-011C-2B23-0E54-93E4DB10E511}.Release|x64.Build.0 = Release|Any CPU
		{987C3FC2-011C-2B23-0E54-93E4DB10E511}.Release|x86.ActiveCfg = Release|Any CPU
		{987C3FC2-011C-2B23-0E54-93E4DB10E511}.Release|x86.Build.0 = Release|Any CPU
		{67DDA393-DAB1-4D2B-A2D1-F57381370C75}.Debug|Any CPU.ActiveCfg = Debug|Any CPU
		{67DDA393-DAB1-4D2B-A2D1-F57381370C75}.Debug|Any CPU.Build.0 = Debug|Any CPU
		{67DDA393-DAB1-4D2B-A2D1-F57381370C75}.Debug|x64.ActiveCfg = Debug|Any CPU
		{67DDA393-DAB1-4D2B-A2D1-F57381370C75}.Debug|x64.Build.0 = Debug|Any CPU
		{67DDA393-DAB1-4D2B-A2D1-F57381370C75}.Debug|x86.ActiveCfg = Debug|Any CPU
		{67DDA393-DAB1-4D2B-A2D1-F57381370C75}.Debug|x86.Build.0 = Debug|Any CPU
		{67DDA393-DAB1-4D2B-A2D1-F57381370C75}.Release|Any CPU.ActiveCfg = Release|Any CPU
		{67DDA393-DAB1-4D2B-A2D1-F57381370C75}.Release|Any CPU.Build.0 = Release|Any CPU
		{67DDA393-DAB1-4D2B-A2D1-F57381370C75}.Release|x64.ActiveCfg = Release|Any CPU
		{67DDA393-DAB1-4D2B-A2D1-F57381370C75}.Release|x64.Build.0 = Release|Any CPU
		{67DDA393-DAB1-4D2B-A2D1-F57381370C75}.Release|x86.ActiveCfg = Release|Any CPU
		{67DDA393-DAB1-4D2B-A2D1-F57381370C75}.Release|x86.Build.0 = Release|Any CPU
	EndGlobalSection
	GlobalSection(SolutionProperties) = preSolution
		HideSolutionNode = FALSE
	EndGlobalSection
	GlobalSection(ExtensibilityGlobals) = postSolution
		SolutionGuid = {09E8A044-B51F-4E19-8AF3-860799F59E45}
	EndGlobalSection
EndGlobal
